{
  "name": "ams",
  "version": "1.0.0",
  "lockfileVersion": 1,
  "requires": true,
  "dependencies": {
    "bootstrap": {
      "version": "3.3.6",
      "resolved": "https://registry.npmjs.org/bootstrap/-/bootstrap-3.3.6.tgz",
      "integrity": "sha1-jej3SdyKdD8qxbUQ2Yg3Hj2qZYk="
    },
    "fancybox": {
      "version": "3.0.1",
      "resolved": "https://registry.npmjs.org/fancybox/-/fancybox-3.0.1.tgz",
      "integrity": "sha512-HZ57O6j5Zk4Uvusd5pNUgWi7CCjKx+HFlCzjMPeRJ//0bQWUK+xVpkn3EzXWJate4ZSKNFP9kU2l49MP1g+oow=="
    },
    "fullcalendar": {
      "version": "3.9.0",
      "resolved": "https://registry.npmjs.org/fullcalendar/-/fullcalendar-3.9.0.tgz",
      "integrity": "sha512-bbALDK8+SBqluv8SKPDeVNtaSr87NYblte/pRgV5NnDJWCEARpRlQ1qQ/XEakcAXbMZov6rWYIvLOrtKwQo2Bg==",
      "requires": {
        "jquery": "3.3.1",
        "moment": "2.21.0"
      },
      "dependencies": {
        "jquery": {
          "version": "3.3.1",
          "resolved": "https://registry.npmjs.org/jquery/-/jquery-3.3.1.tgz",
          "integrity": "sha512-Ubldcmxp5np52/ENotGxlLe6aGMvmF4R8S6tZjsP6Knsaxd/xp3Zrh50cG93lR6nPXyUFwzN3ZSOQI0wRJNdGg=="
        }
      }
    },
    "jquery": {
      "version": "1.12.2",
      "resolved": "https://registry.npmjs.org/jquery/-/jquery-1.12.2.tgz",
      "integrity": "sha1-uKi0WTcxKhnuu89aBYmwMRyCILs="
    },
    "moment": {
      "version": "2.21.0",
      "resolved": "https://registry.npmjs.org/moment/-/moment-2.21.0.tgz",
      "integrity": "sha512-TCZ36BjURTeFTM/CwRcViQlfkMvL1/vFISuNLO5GkcVm1+QHfbSiNqZuWeMFjj1/3+uAjXswgRk30j1kkLYJBQ=="
    }
  }
}
